
Microsoft Visual Studio Solution File, Format Version 12.00
# Visual Studio 15
VisualStudioVersion = 15.0.26124.0
MinimumVisualStudioVersion = 15.0.26124.0
Project("{FAE04EC0-301F-11D3-BF4B-00C04F79EFBC}") = "Domain", "Domain\Domain.csproj", "{7F848180-A7C1-4D41-BF67-AC37139F8507}"
EndProject
Project("{FAE04EC0-301F-11D3-BF4B-00C04F79EFBC}") = "Application", "Application\Application.csproj", "{300551C0-8B77-4135-A0B6-3A3B83A26B57}"
EndProject
Project("{FAE04EC0-301F-11D3-BF4B-00C04F79EFBC}") = "Persistence", "Persistence\Persistence.csproj", "{7BB90213-352F-4BFC-B962-F39F693579DF}"
EndProject
Project("{FAE04EC0-301F-11D3-BF4B-00C04F79EFBC}") = "API", "API\API.csproj", "{F4389018-C12D-411B-9EB0-CA508F30AA7B}"
EndProject
Project("{FAE04EC0-301F-11D3-BF4B-00C04F79EFBC}") = "Infrastructure", "Infrastructure\Infrastructure.csproj", "{D668BFB2-94EB-4998-BA39-B51641B3BBA5}"
EndProject
Global
	GlobalSection(SolutionConfigurationPlatforms) = preSolution
		Debug|Any CPU = Debug|Any CPU
		Debug|x64 = Debug|x64
		Debug|x86 = Debug|x86
		Release|Any CPU = Release|Any CPU
		Release|x64 = Release|x64
		Release|x86 = Release|x86
	EndGlobalSection
	GlobalSection(SolutionProperties) = preSolution
		HideSolutionNode = FALSE
	EndGlobalSection
	GlobalSection(ProjectConfigurationPlatforms) = postSolution
		{7F848180-A7C1-4D41-BF67-AC37139F8507}.Debug|Any CPU.ActiveCfg = Debug|Any CPU
		{7F848180-A7C1-4D41-BF67-AC37139F8507}.Debug|Any CPU.Build.0 = Debug|Any CPU
		{7F848180-A7C1-4D41-BF67-AC37139F8507}.Debug|x64.ActiveCfg = Debug|Any CPU
		{7F848180-A7C1-4D41-BF67-AC37139F8507}.Debug|x64.Build.0 = Debug|Any CPU
		{7F848180-A7C1-4D41-BF67-AC37139F8507}.Debug|x86.ActiveCfg = Debug|Any CPU
		{7F848180-A7C1-4D41-BF67-AC37139F8507}.Debug|x86.Build.0 = Debug|Any CPU
		{7F848180-A7C1-4D41-BF67-AC37139F8507}.Release|Any CPU.ActiveCfg = Release|Any CPU
		{7F848180-A7C1-4D41-BF67-AC37139F8507}.Release|Any CPU.Build.0 = Release|Any CPU
		{7F848180-A7C1-4D41-BF67-AC37139F8507}.Release|x64.ActiveCfg = Release|Any CPU
		{7F848180-A7C1-4D41-BF67-AC37139F8507}.Release|x64.Build.0 = Release|Any CPU
		{7F848180-A7C1-4D41-BF67-AC37139F8507}.Release|x86.ActiveCfg = Release|Any CPU
		{7F848180-A7C1-4D41-BF67-AC37139F8507}.Release|x86.Build.0 = Release|Any CPU
		{300551C0-8B77-4135-A0B6-3A3B83A26B57}.Debug|Any CPU.ActiveCfg = Debug|Any CPU
		{300551C0-8B77-4135-A0B6-3A3B83A26B57}.Debug|Any CPU.Build.0 = Debug|Any CPU
		{300551C0-8B77-4135-A0B6-3A3B83A26B57}.Debug|x64.ActiveCfg = Debug|Any CPU
		{300551C0-8B77-4135-A0B6-3A3B83A26B57}.Debug|x64.Build.0 = Debug|Any CPU
		{300551C0-8B77-4135-A0B6-3A3B83A26B57}.Debug|x86.ActiveCfg = Debug|Any CPU
		{300551C0-8B77-4135-A0B6-3A3B83A26B57}.Debug|x86.Build.0 = Debug|Any CPU
		{300551C0-8B77-4135-A0B6-3A3B83A26B57}.Release|Any CPU.ActiveCfg = Release|Any CPU
		{300551C0-8B77-4135-A0B6-3A3B83A26B57}.Release|Any CPU.Build.0 = Release|Any CPU
		{300551C0-8B77-4135-A0B6-3A3B83A26B57}.Release|x64.ActiveCfg = Release|Any CPU
		{300551C0-8B77-4135-A0B6-3A3B83A26B57}.Release|x64.Build.0 = Release|Any CPU
		{300551C0-8B77-4135-A0B6-3A3B83A26B57}.Release|x86.ActiveCfg = Release|Any CPU
		{300551C0-8B77-4135-A0B6-3A3B83A26B57}.Release|x86.Build.0 = Release|Any CPU
		{7BB90213-352F-4BFC-B962-F39F693579DF}.Debug|Any CPU.ActiveCfg = Debug|Any CPU
		{7BB90213-352F-4BFC-B962-F39F693579DF}.Debug|Any CPU.Build.0 = Debug|Any CPU
		{7BB90213-352F-4BFC-B962-F39F693579DF}.Debug|x64.ActiveCfg = Debug|Any CPU
		{7BB90213-352F-4BFC-B962-F39F693579DF}.Debug|x64.Build.0 = Debug|Any CPU
		{7BB90213-352F-4BFC-B962-F39F693579DF}.Debug|x86.ActiveCfg = Debug|Any CPU
		{7BB90213-352F-4BFC-B962-F39F693579DF}.Debug|x86.Build.0 = Debug|Any CPU
		{7BB90213-352F-4BFC-B962-F39F693579DF}.Release|Any CPU.ActiveCfg = Release|Any CPU
		{7BB90213-352F-4BFC-B962-F39F693579DF}.Release|Any CPU.Build.0 = Release|Any CPU
		{7BB90213-352F-4BFC-B962-F39F693579DF}.Release|x64.ActiveCfg = Release|Any CPU
		{7BB90213-352F-4BFC-B962-F39F693579DF}.Release|x64.Build.0 = Release|Any CPU
		{7BB90213-352F-4BFC-B962-F39F693579DF}.Release|x86.ActiveCfg = Release|Any CPU
		{7BB90213-352F-4BFC-B962-F39F693579DF}.Release|x86.Build.0 = Release|Any CPU
		{F4389018-C12D-411B-9EB0-CA508F30AA7B}.Debug|Any CPU.ActiveCfg = Debug|Any CPU
		{F4389018-C12D-411B-9EB0-CA508F30AA7B}.Debug|Any CPU.Build.0 = Debug|Any CPU
		{F4389018-C12D-411B-9EB0-CA508F30AA7B}.Debug|x64.ActiveCfg = Debug|Any CPU
		{F4389018-C12D-411B-9EB0-CA508F30AA7B}.Debug|x64.Build.0 = Debug|Any CPU
		{F4389018-C12D-411B-9EB0-CA508F30AA7B}.Debug|x86.ActiveCfg = Debug|Any CPU
		{F4389018-C12D-411B-9EB0-CA508F30AA7B}.Debug|x86.Build.0 = Debug|Any CPU
		{F4389018-C12D-411B-9EB0-CA508F30AA7B}.Release|Any CPU.ActiveCfg = Release|Any CPU
		{F4389018-C12D-411B-9EB0-CA508F30AA7B}.Release|Any CPU.Build.0 = Release|Any CPU
		{F4389018-C12D-411B-9EB0-CA508F30AA7B}.Release|x64.ActiveCfg = Release|Any CPU
		{F4389018-C12D-411B-9EB0-CA508F30AA7B}.Release|x64.Build.0 = Release|Any CPU
		{F4389018-C12D-411B-9EB0-CA508F30AA7B}.Release|x86.ActiveCfg = Release|Any CPU
		{F4389018-C12D-411B-9EB0-CA508F30AA7B}.Release|x86.Build.0 = Release|Any CPU
		{D668BFB2-94EB-4998-BA39-B51641B3BBA5}.Debug|Any CPU.ActiveCfg = Debug|Any CPU
		{D668BFB2-94EB-4998-BA39-B51641B3BBA5}.Debug|Any CPU.Build.0 = Debug|Any CPU
		{D668BFB2-94EB-4998-BA39-B51641B3BBA5}.Debug|x64.ActiveCfg = Debug|Any CPU
		{D668BFB2-94EB-4998-BA39-B51641B3BBA5}.Debug|x64.Build.0 = Debug|Any CPU
		{D668BFB2-94EB-4998-BA39-B51641B3BBA5}.Debug|x86.ActiveCfg = Debug|Any CPU
		{D668BFB2-94EB-4998-BA39-B51641B3BBA5}.Debug|x86.Build.0 = Debug|Any CPU
		{D668BFB2-94EB-4998-BA39-B51641B3BBA5}.Release|Any CPU.ActiveCfg = Release|Any CPU
		{D668BFB2-94EB-4998-BA39-B51641B3BBA5}.Release|Any CPU.Build.0 = Release|Any CPU
		{D668BFB2-94EB-4998-BA39-B51641B3BBA5}.Release|x64.ActiveCfg = Release|Any CPU
		{D668BFB2-94EB-4998-BA39-B51641B3BBA5}.Release|x64.Build.0 = Release|Any CPU
		{D668BFB2-94EB-4998-BA39-B51641B3BBA5}.Release|x86.ActiveCfg = Release|Any CPU
		{D668BFB2-94EB-4998-BA39-B51641B3BBA5}.Release|x86.Build.0 = Release|Any CPU
	EndGlobalSection
EndGlobal
